speakeasyVersion: 1.759.3
sources:
    Clerk-OAS:
        sourceNamespace: clerk-openapi
        sourceRevisionDigest: sha256:e90e54785aae9ebf017c3f560eb954eccb2322af124a681fc2f5e11ba3d12a74
        sourceBlobDigest: sha256:bbf8b619719d9369f2beea763437b20fd331583e77bf6f10716af62fd703e67d
        tags:
            - latest
            - "2025-11-10"
targets:
    clerk:
        source: Clerk-OAS
        sourceNamespace: clerk-openapi
        sourceRevisionDigest: sha256:e90e54785aae9ebf017c3f560eb954eccb2322af124a681fc2f5e11ba3d12a74
        sourceBlobDigest: sha256:bbf8b619719d9369f2beea763437b20fd331583e77bf6f10716af62fd703e67d
        codeSamplesNamespace: clerk-oas-ruby-code-samples
        codeSamplesRevisionDigest: sha256:9c0bbb748f74a70734dd06aaf5907c53dcbdc7a5cb903a28af919f73eef1dd49
workflow:
    workflowVersion: 1.0.0
    speakeasyVersion: latest
    sources:
        Clerk-OAS:
            inputs:
                - location: https://raw.githubusercontent.com/clerk/openapi-specs/refs/heads/main/bapi/2025-11-10.yml
            overlays:
                - location: https://raw.githubusercontent.com/clerk/openapi-specs/refs/heads/main/.speakeasy/bapi/fixes.yml
            output: .speakeasy/out.openapi.yaml
            registry:
                location: registry.speakeasyapi.dev/clerk/testing-workspace/clerk-openapi
    targets:
        clerk:
            target: ruby
            source: Clerk-OAS
            publish:
                rubygems:
                    token: $rubygems_auth_token
            codeSamples:
                registry:
                    location: registry.speakeasyapi.dev/clerk/testing-workspace/clerk-oas-ruby-code-samples
                labelOverride:
                    fixedValue: Ruby (SDK)
                blocking: false
