speakeasyVersion: 1.736.1
sources:
    Clerk-OAS:
        sourceNamespace: clerk-openapi
        sourceRevisionDigest: sha256:407faf1e4eba0be6e5dcd93650f48fcb3a168f09190064e396555e5acb657011
        sourceBlobDigest: sha256:6f88d2b61a647080a2221bbed7c42d937b70896cb9779ef3f47a45b7b2672a32
        tags:
            - latest
            - speakeasy-sdk-regen-1770948693
            - "2025-11-10"
targets:
    clerk:
        source: Clerk-OAS
        sourceNamespace: clerk-openapi
        sourceRevisionDigest: sha256:407faf1e4eba0be6e5dcd93650f48fcb3a168f09190064e396555e5acb657011
        sourceBlobDigest: sha256:6f88d2b61a647080a2221bbed7c42d937b70896cb9779ef3f47a45b7b2672a32
        codeSamplesNamespace: clerk-oas-ruby-code-samples
        codeSamplesRevisionDigest: sha256:8fbceb92a0506c796ee485a02c3d5d321ade0df92fc696d229cfcb54e9132a42
workflow:
    workflowVersion: 1.0.0
    speakeasyVersion: latest
    sources:
        Clerk-OAS:
            inputs:
                - location: https://raw.githubusercontent.com/clerk/openapi-specs/refs/heads/main/bapi/2025-11-10.yml
            overlays:
                - location: https://raw.githubusercontent.com/clerk/openapi-specs/refs/heads/main/.speakeasy/bapi/fixes.yml
            output: .speakeasy/out.openapi.yaml
            registry:
                location: registry.speakeasyapi.dev/clerk/testing-workspace/clerk-openapi
    targets:
        clerk:
            target: ruby
            source: Clerk-OAS
            publish:
                rubygems:
                    token: $rubygems_auth_token
            codeSamples:
                registry:
                    location: registry.speakeasyapi.dev/clerk/testing-workspace/clerk-oas-ruby-code-samples
                labelOverride:
                    fixedValue: Ruby (SDK)
                blocking: false
