speakeasyVersion: 1.701.0
sources:
    Clerk-OAS:
        sourceNamespace: clerk-openapi
        sourceRevisionDigest: sha256:4c0002ace7a0e3a7b5d39e6d3c8f7d2de4f995ed67de1e139b26fc7d1ef76b73
        sourceBlobDigest: sha256:c05e6f32c528cc209796b5adc4db51515edd81cbd0340cfe279822b999f07ee0
        tags:
            - latest
            - speakeasy-sdk-regen-1770165884
            - "2025-11-10"
targets:
    clerk:
        source: Clerk-OAS
        sourceNamespace: clerk-openapi
        sourceRevisionDigest: sha256:4c0002ace7a0e3a7b5d39e6d3c8f7d2de4f995ed67de1e139b26fc7d1ef76b73
        sourceBlobDigest: sha256:c05e6f32c528cc209796b5adc4db51515edd81cbd0340cfe279822b999f07ee0
        codeSamplesNamespace: clerk-oas-ruby-code-samples
        codeSamplesRevisionDigest: sha256:76661ed1037ad545d2a5caa42f7858231fc36bada65ed5a53c825e19f71d98bf
workflow:
    workflowVersion: 1.0.0
    speakeasyVersion: latest
    sources:
        Clerk-OAS:
            inputs:
                - location: https://raw.githubusercontent.com/clerk/openapi-specs/refs/heads/main/bapi/2025-11-10.yml
            overlays:
                - location: https://raw.githubusercontent.com/clerk/openapi-specs/refs/heads/main/.speakeasy/bapi/fixes.yml
            output: .speakeasy/out.openapi.yaml
            registry:
                location: registry.speakeasyapi.dev/clerk/clerk/clerk-openapi
    targets:
        clerk:
            target: ruby
            source: Clerk-OAS
            publish:
                rubygems:
                    token: $rubygems_auth_token
            codeSamples:
                registry:
                    location: registry.speakeasyapi.dev/clerk/clerk/clerk-oas-ruby-code-samples
                labelOverride:
                    fixedValue: Ruby (SDK)
                blocking: false
